PODS:
  - Firebase (2.2.0)
  - PureLayout (2.0.5)
  - ReactiveCocoa (2.4.7):
    - ReactiveCocoa/UI (= 2.4.7)
  - ReactiveCocoa/Core (2.4.7):
    - ReactiveCocoa/no-arc
  - ReactiveCocoa/no-arc (2.4.7)
  - ReactiveCocoa/UI (2.4.7):
    - ReactiveCocoa/Core

DEPENDENCIES:
  - Firebase (>= 2.2.0)
  - PureLayout
  - ReactiveCocoa

SPEC CHECKSUMS:
  Firebase: e5f9cf72c72a9fdaf7e136012b6c52a263a23ca7
  PureLayout: a0fe75f1cf485801e7e00b723b8a3c32dca558e2
  ReactiveCocoa: eb38dee0a0e698f73a9b25e5c1faea2bb4c79240

COCOAPODS: 0.36.0
