PODS:
  - DateTools (1.5.0)
  - DTCoreText (1.6.15):
    - DTFoundation/Core (~> 1.7.5)
    - DTFoundation/DTAnimatedGIF (~> 1.7.5)
    - DTFoundation/DTHTMLParser (~> 1.7.5)
    - DTFoundation/UIKit (~> 1.7.5)
  - DTFoundation/Core (1.7.5)
  - DTFoundation/DTAnimatedGIF (1.7.5)
  - DTFoundation/DTHTMLParser (1.7.5):
    - DTFoundation/Core
  - DTFoundation/UIKit (1.7.5):
    - DTFoundation/Core
  - Firebase (2.2.1)
  - Firebase-RACExtensions (0.2.0):
    - Firebase (~> 2.0)
    - ReactiveCocoa (~> 2.3)
  - PureLayout (2.0.5)
  - Reachability (3.2)
  - ReactiveCocoa (2.4.7):
    - ReactiveCocoa/UI (= 2.4.7)
  - ReactiveCocoa/Core (2.4.7):
    - ReactiveCocoa/no-arc
  - ReactiveCocoa/no-arc (2.4.7)
  - ReactiveCocoa/UI (2.4.7):
    - ReactiveCocoa/Core
  - ReactiveCoreData (0.0.2):
    - ReactiveCocoa
  - ReactiveViewModel (0.3):
    - ReactiveCocoa (~> 2.4)

DEPENDENCIES:
  - DateTools
  - DTCoreText
  - Firebase (>= 2.2.0)
  - Firebase-RACExtensions
  - PureLayout
  - Reachability (>= 3.2)
  - ReactiveCocoa
  - ReactiveCoreData (>= 0.0)
  - ReactiveViewModel (>= 0.3)

SPEC CHECKSUMS:
  DateTools: b93a2c2017747329c6077c7d7e8a75106e23d0d7
  DTCoreText: 13ce06e63204a3b47c9db974e3d9be982bb0b1ed
  DTFoundation: 1d28080c20c3da041706545363f8238ab53a6204
  Firebase: a3d54b42f090ca275b22dcdf103b8ab6ac6f353c
  Firebase-RACExtensions: 6ae340c67e7ec7e845e6603f8223770586278fe6
  PureLayout: a0fe75f1cf485801e7e00b723b8a3c32dca558e2
  Reachability: 33e18b67625424e47b6cde6d202dce689ad7af96
  ReactiveCocoa: eb38dee0a0e698f73a9b25e5c1faea2bb4c79240
  ReactiveCoreData: 1ca5406c2d2fdab8a40ba939f59c41eda9f469a3
  ReactiveViewModel: 58918dcbcec2d3151195ab1ed9163c57a8163999

COCOAPODS: 0.36.0
