PODS:
  - DateTools (1.5.0)
  - Firebase (2.2.0)
  - PureLayout (2.0.5)
  - ReactiveCocoa (2.4.7):
    - ReactiveCocoa/UI (= 2.4.7)
  - ReactiveCocoa/Core (2.4.7):
    - ReactiveCocoa/no-arc
  - ReactiveCocoa/no-arc (2.4.7)
  - ReactiveCocoa/UI (2.4.7):
    - ReactiveCocoa/Core
  - ReactiveCoreData (0.0.2):
    - ReactiveCocoa
  - ReactiveViewModel (0.3):
    - ReactiveCocoa (~> 2.4)

DEPENDENCIES:
  - DateTools
  - Firebase (>= 2.2.0)
  - PureLayout
  - ReactiveCocoa
  - ReactiveCoreData (>= 0.0)
  - ReactiveViewModel (>= 0.3)

SPEC CHECKSUMS:
  DateTools: b93a2c2017747329c6077c7d7e8a75106e23d0d7
  Firebase: e5f9cf72c72a9fdaf7e136012b6c52a263a23ca7
  PureLayout: a0fe75f1cf485801e7e00b723b8a3c32dca558e2
  ReactiveCocoa: eb38dee0a0e698f73a9b25e5c1faea2bb4c79240
  ReactiveCoreData: 1ca5406c2d2fdab8a40ba939f59c41eda9f469a3
  ReactiveViewModel: 58918dcbcec2d3151195ab1ed9163c57a8163999

COCOAPODS: 0.36.0
