// !$*UTF8*$!
{
	archiveVersion = 1;
	classes = {
	};
	objectVersion = 46;
	objects = {

/* Begin PBXBuildFile section */
		232EA86ED3B142439FDB2337 /* libPods-HackerNews.a in Frameworks */ = {isa = PBXBuildFile; fileRef = 2B63D98C41D195B8CB7E9733 /* libPods-HackerNews.a */; };
		8E2352401ACC571F0009552D /* main.m in Sources */ = {isa = PBXBuildFile; fileRef = 8E23523F1ACC571F0009552D /* main.m */; };
		8E2352431ACC571F0009552D /* AppDelegate.m in Sources */ = {isa = PBXBuildFile; fileRef = 8E2352421ACC571F0009552D /* AppDelegate.m */; };
		8E2352461ACC571F0009552D /* HNFeedViewController.m in Sources */ = {isa = PBXBuildFile; fileRef = 8E2352451ACC571F0009552D /* HNFeedViewController.m */; };
		8E2352491ACC571F0009552D /* Main.storyboard in Resources */ = {isa = PBXBuildFile; fileRef = 8E2352471ACC571F0009552D /* Main.storyboard */; };
		8E23524B1ACC571F0009552D /* Images.xcassets in Resources */ = {isa = PBXBuildFile; fileRef = 8E23524A1ACC571F0009552D /* Images.xcassets */; };
		8E23524E1ACC571F0009552D /* LaunchScreen.xib in Resources */ = {isa = PBXBuildFile; fileRef = 8E23524C1ACC571F0009552D /* LaunchScreen.xib */; };
		8E23525A1ACC571F0009552D /* HackerNewsTests.m in Sources */ = {isa = PBXBuildFile; fileRef = 8E2352591ACC571F0009552D /* HackerNewsTests.m */; };
		8E23526C1ACC651F0009552D /* HNFeedViewModel.m in Sources */ = {isa = PBXBuildFile; fileRef = 8E23526B1ACC651F0009552D /* HNFeedViewModel.m */; };
		8E23526F1ACC69200009552D /* HNFeedCell.m in Sources */ = {isa = PBXBuildFile; fileRef = 8E23526E1ACC69200009552D /* HNFeedCell.m */; };
		8E2352751ACC73BE0009552D /* UIColor+HNColorPalette.m in Sources */ = {isa = PBXBuildFile; fileRef = 8E2352741ACC73BE0009552D /* UIColor+HNColorPalette.m */; };
		8E2352AD1ACD1C3C0009552D /* HNFeedCellViewModel.m in Sources */ = {isa = PBXBuildFile; fileRef = 8E2352AC1ACD1C3C0009552D /* HNFeedCellViewModel.m */; };
		8E2352B11ACDC34F0009552D /* HNNetworkService.m in Sources */ = {isa = PBXBuildFile; fileRef = 8E2352B01ACDC34F0009552D /* HNNetworkService.m */; };
		8E2352B41ACE102C0009552D /* HNDataManager.m in Sources */ = {isa = PBXBuildFile; fileRef = 8E2352B31ACE102C0009552D /* HNDataManager.m */; };
		8E395ED81AD0732F00EE0DB9 /* HNBrowserViewController.m in Sources */ = {isa = PBXBuildFile; fileRef = 8E395ED71AD0732F00EE0DB9 /* HNBrowserViewController.m */; };
		8E395EDD1AD073F700EE0DB9 /* HNBrowserViewModel.m in Sources */ = {isa = PBXBuildFile; fileRef = 8E395EDC1AD073F700EE0DB9 /* HNBrowserViewModel.m */; };
		8E395EE21AD1978A00EE0DB9 /* HNCommentsViewController.m in Sources */ = {isa = PBXBuildFile; fileRef = 8E395EE11AD1978A00EE0DB9 /* HNCommentsViewController.m */; };
		8E395EE71AD1A75300EE0DB9 /* HNCommentsViewModel.m in Sources */ = {isa = PBXBuildFile; fileRef = 8E395EE61AD1A75300EE0DB9 /* HNCommentsViewModel.m */; };
		8E395EEE1AD3386A00EE0DB9 /* HNCommentsCell.m in Sources */ = {isa = PBXBuildFile; fileRef = 8E395EED1AD3386A00EE0DB9 /* HNCommentsCell.m */; };
		8E395EF11AD33AD200EE0DB9 /* HNCommentsCellViewModel.m in Sources */ = {isa = PBXBuildFile; fileRef = 8E395EF01AD33AD200EE0DB9 /* HNCommentsCellViewModel.m */; };
		8E395F291AD46BE500EE0DB9 /* HNPostModel.xcdatamodeld in Sources */ = {isa = PBXBuildFile; fileRef = 8E395F271AD46BE500EE0DB9 /* HNPostModel.xcdatamodeld */; };
		8E395F2C1AD475B000EE0DB9 /* HNCoreDataStack.m in Sources */ = {isa = PBXBuildFile; fileRef = 8E395F2B1AD475B000EE0DB9 /* HNCoreDataStack.m */; };
		8E52515F1AD5FA3300EE080D /* HNStory.m in Sources */ = {isa = PBXBuildFile; fileRef = 8E52515E1AD5FA3300EE080D /* HNStory.m */; };
		8E87C43B1AE31FFD00CD004E /* HNTableView.m in Sources */ = {isa = PBXBuildFile; fileRef = 8E87C4381AE31FFD00CD004E /* HNTableView.m */; };
		8E87C43C1AE31FFD00CD004E /* HNThinLineButton.m in Sources */ = {isa = PBXBuildFile; fileRef = 8E87C43A1AE31FFD00CD004E /* HNThinLineButton.m */; };
		8E87C43F1AE3421100CD004E /* HNUtilities.m in Sources */ = {isa = PBXBuildFile; fileRef = 8E87C43E1AE3421100CD004E /* HNUtilities.m */; };
		8E87C4421AE3424800CD004E /* NSString+RemoveTag.m in Sources */ = {isa = PBXBuildFile; fileRef = 8E87C4411AE3424800CD004E /* NSString+RemoveTag.m */; };
		8EA8736D1AD85A3C009C01F8 /* HNItem.m in Sources */ = {isa = PBXBuildFile; fileRef = 8EA8736C1AD85A3C009C01F8 /* HNItem.m */; };
		8ED435021AE999FB00A99D9F /* HNComment.m in Sources */ = {isa = PBXBuildFile; fileRef = 8ED435011AE999FB00A99D9F /* HNComment.m */; };
		8ED804BA1AE6B26C00BE4AB0 /* ProximaNova-Black.otf in Resources */ = {isa = PBXBuildFile; fileRef = 8ED804A91AE6B26C00BE4AB0 /* ProximaNova-Black.otf */; };
		8ED804BB1AE6B26C00BE4AB0 /* ProximaNova-Bold.otf in Resources */ = {isa = PBXBuildFile; fileRef = 8ED804AA1AE6B26C00BE4AB0 /* ProximaNova-Bold.otf */; };
		8ED804BC1AE6B26C00BE4AB0 /* ProximaNova-BoldIt.otf in Resources */ = {isa = PBXBuildFile; fileRef = 8ED804AB1AE6B26C00BE4AB0 /* ProximaNova-BoldIt.otf */; };
		8ED804BD1AE6B26C00BE4AB0 /* ProximaNova-Extrabold.otf in Resources */ = {isa = PBXBuildFile; fileRef = 8ED804AC1AE6B26C00BE4AB0 /* ProximaNova-Extrabold.otf */; };
		8ED804BE1AE6B26C00BE4AB0 /* ProximaNova-Light.otf in Resources */ = {isa = PBXBuildFile; fileRef = 8ED804AD1AE6B26C00BE4AB0 /* ProximaNova-Light.otf */; };
		8ED804BF1AE6B26C00BE4AB0 /* ProximaNova-LightItalic.otf in Resources */ = {isa = PBXBuildFile; fileRef = 8ED804AE1AE6B26C00BE4AB0 /* ProximaNova-LightItalic.otf */; };
		8ED804C01AE6B26C00BE4AB0 /* ProximaNova-RegItalic.otf in Resources */ = {isa = PBXBuildFile; fileRef = 8ED804AF1AE6B26C00BE4AB0 /* ProximaNova-RegItalic.otf */; };
		8ED804C11AE6B26C00BE4AB0 /* ProximaNova-Regular.otf in Resources */ = {isa = PBXBuildFile; fileRef = 8ED804B01AE6B26C00BE4AB0 /* ProximaNova-Regular.otf */; };
		8ED804C21AE6B26C00BE4AB0 /* ProximaNova-RegularItalic.otf in Resources */ = {isa = PBXBuildFile; fileRef = 8ED804B11AE6B26C00BE4AB0 /* ProximaNova-RegularItalic.otf */; };
		8ED804C31AE6B26C00BE4AB0 /* ProximaNova-Semibold.otf in Resources */ = {isa = PBXBuildFile; fileRef = 8ED804B21AE6B26C00BE4AB0 /* ProximaNova-Semibold.otf */; };
		8ED804C41AE6B26C00BE4AB0 /* ProximaNova-SemiboldItalic.otf in Resources */ = {isa = PBXBuildFile; fileRef = 8ED804B31AE6B26C00BE4AB0 /* ProximaNova-SemiboldItalic.otf */; };
		8ED804C51AE6B26C00BE4AB0 /* ProximaNovaCond-Light.otf in Resources */ = {isa = PBXBuildFile; fileRef = 8ED804B41AE6B26C00BE4AB0 /* ProximaNovaCond-Light.otf */; };
		8ED804C61AE6B26C00BE4AB0 /* ProximaNovaCond-LightIt.otf in Resources */ = {isa = PBXBuildFile; fileRef = 8ED804B51AE6B26C00BE4AB0 /* ProximaNovaCond-LightIt.otf */; };
		8ED804C71AE6B26C00BE4AB0 /* ProximaNovaCond-Regular.otf in Resources */ = {isa = PBXBuildFile; fileRef = 8ED804B61AE6B26C00BE4AB0 /* ProximaNovaCond-Regular.otf */; };
		8ED804C81AE6B26C00BE4AB0 /* ProximaNovaCond-RegularIt.otf in Resources */ = {isa = PBXBuildFile; fileRef = 8ED804B71AE6B26C00BE4AB0 /* ProximaNovaCond-RegularIt.otf */; };
		8ED804C91AE6B26C00BE4AB0 /* ProximaNovaCond-Semibold.otf in Resources */ = {isa = PBXBuildFile; fileRef = 8ED804B81AE6B26C00BE4AB0 /* ProximaNovaCond-Semibold.otf */; };
		8ED804CA1AE6B26C00BE4AB0 /* ProximaNovaCond-SemiboldIt.otf in Resources */ = {isa = PBXBuildFile; fileRef = 8ED804B91AE6B26C00BE4AB0 /* ProximaNovaCond-SemiboldIt.otf */; };
		8ED804D01AE6D35100BE4AB0 /* UIFont+HNFont.m in Sources */ = {isa = PBXBuildFile; fileRef = 8ED804CF1AE6D35100BE4AB0 /* UIFont+HNFont.m */; };
		8ED804D31AE754AB00BE4AB0 /* HNCommentTableViewHeader.m in Sources */ = {isa = PBXBuildFile; fileRef = 8ED804D21AE754AB00BE4AB0 /* HNCommentTableViewHeader.m */; };
/* End PBXBuildFile section */

/* Begin PBXContainerItemProxy section */
		8E2352541ACC571F0009552D /* PBXContainerItemProxy */ = {
			isa = PBXContainerItemProxy;
			containerPortal = 8E2352321ACC571F0009552D /* Project object */;
			proxyType = 1;
			remoteGlobalIDString = 8E2352391ACC571F0009552D;
			remoteInfo = HackerNews;
		};
/* End PBXContainerItemProxy section */

/* Begin PBXFileReference section */
		2B63D98C41D195B8CB7E9733 /* libPods-HackerNews.a */ = {isa = PBXFileReference; explicitFileType = archive.ar; includeInIndex = 0; path = "libPods-HackerNews.a"; sourceTree = BUILT_PRODUCTS_DIR; };
		49EEA4C5D50304781D65B10B /* Pods-HackerNews.release.xcconfig */ = {isa = PBXFileReference; includeInIndex = 1; lastKnownFileType = text.xcconfig; name = "Pods-HackerNews.release.xcconfig"; path = "Pods/Target Support Files/Pods-HackerNews/Pods-HackerNews.release.xcconfig"; sourceTree = "<group>"; };
		8E23523A1ACC571F0009552D /* HackerNews.app */ = {isa = PBXFileReference; explicitFileType = wrapper.application; includeInIndex = 0; path = HackerNews.app; sourceTree = BUILT_PRODUCTS_DIR; };
		8E23523E1ACC571F0009552D /* Info.plist */ = {isa = PBXFileReference; lastKnownFileType = text.plist.xml; path = Info.plist; sourceTree = "<group>"; };
		8E23523F1ACC571F0009552D /* main.m */ = {isa = PBXFileReference; lastKnownFileType = sourcecode.c.objc; path = main.m; sourceTree = "<group>"; };
		8E2352411ACC571F0009552D /* AppDelegate.h */ = {isa = PBXFileReference; lastKnownFileType = sourcecode.c.h; path = AppDelegate.h; sourceTree = "<group>"; };
		8E2352421ACC571F0009552D /* AppDelegate.m */ = {isa = PBXFileReference; lastKnownFileType = sourcecode.c.objc; path = AppDelegate.m; sourceTree = "<group>"; };
		8E2352441ACC571F0009552D /* HNFeedViewController.h */ = {isa = PBXFileReference; lastKnownFileType = sourcecode.c.h; path = HNFeedViewController.h; sourceTree = "<group>"; };
		8E2352451ACC571F0009552D /* HNFeedViewController.m */ = {isa = PBXFileReference; lastKnownFileType = sourcecode.c.objc; path = HNFeedViewController.m; sourceTree = "<group>"; };
		8E2352481ACC571F0009552D /* Base */ = {isa = PBXFileReference; lastKnownFileType = file.storyboard; name = Base; path = Base.lproj/Main.storyboard; sourceTree = "<group>"; };
		8E23524A1ACC571F0009552D /* Images.xcassets */ = {isa = PBXFileReference; lastKnownFileType = folder.assetcatalog; path = Images.xcassets; sourceTree = "<group>"; };
		8E23524D1ACC571F0009552D /* Base */ = {isa = PBXFileReference; lastKnownFileType = file.xib; name = Base; path = Base.lproj/LaunchScreen.xib; sourceTree = "<group>"; };
		8E2352531ACC571F0009552D /* HackerNewsTests.xctest */ = {isa = PBXFileReference; explicitFileType = wrapper.cfbundle; includeInIndex = 0; path = HackerNewsTests.xctest; sourceTree = BUILT_PRODUCTS_DIR; };
		8E2352581ACC571F0009552D /* Info.plist */ = {isa = PBXFileReference; lastKnownFileType = text.plist.xml; path = Info.plist; sourceTree = "<group>"; };
		8E2352591ACC571F0009552D /* HackerNewsTests.m */ = {isa = PBXFileReference; lastKnownFileType = sourcecode.c.objc; path = HackerNewsTests.m; sourceTree = "<group>"; };
		8E23526A1ACC651F0009552D /* HNFeedViewModel.h */ = {isa = PBXFileReference; fileEncoding = 4; lastKnownFileType = sourcecode.c.h; path = HNFeedViewModel.h; sourceTree = "<group>"; };
		8E23526B1ACC651F0009552D /* HNFeedViewModel.m */ = {isa = PBXFileReference; fileEncoding = 4; lastKnownFileType = sourcecode.c.objc; path = HNFeedViewModel.m; sourceTree = "<group>"; };
		8E23526D1ACC69200009552D /* HNFeedCell.h */ = {isa = PBXFileReference; fileEncoding = 4; lastKnownFileType = sourcecode.c.h; path = HNFeedCell.h; sourceTree = "<group>"; };
		8E23526E1ACC69200009552D /* HNFeedCell.m */ = {isa = PBXFileReference; fileEncoding = 4; lastKnownFileType = sourcecode.c.objc; path = HNFeedCell.m; sourceTree = "<group>"; };
		8E2352731ACC73BE0009552D /* UIColor+HNColorPalette.h */ = {isa = PBXFileReference; fileEncoding = 4; lastKnownFileType = sourcecode.c.h; path = "UIColor+HNColorPalette.h"; sourceTree = "<group>"; };
		8E2352741ACC73BE0009552D /* UIColor+HNColorPalette.m */ = {isa = PBXFileReference; fileEncoding = 4; lastKnownFileType = sourcecode.c.objc; path = "UIColor+HNColorPalette.m"; sourceTree = "<group>"; };
		8E2352AB1ACD1C3C0009552D /* HNFeedCellViewModel.h */ = {isa = PBXFileReference; fileEncoding = 4; lastKnownFileType = sourcecode.c.h; path = HNFeedCellViewModel.h; sourceTree = "<group>"; };
		8E2352AC1ACD1C3C0009552D /* HNFeedCellViewModel.m */ = {isa = PBXFileReference; fileEncoding = 4; lastKnownFileType = sourcecode.c.objc; path = HNFeedCellViewModel.m; sourceTree = "<group>"; };
		8E2352AF1ACDC34F0009552D /* HNNetworkService.h */ = {isa = PBXFileReference; fileEncoding = 4; lastKnownFileType = sourcecode.c.h; path = HNNetworkService.h; sourceTree = "<group>"; };
		8E2352B01ACDC34F0009552D /* HNNetworkService.m */ = {isa = PBXFileReference; fileEncoding = 4; lastKnownFileType = sourcecode.c.objc; path = HNNetworkService.m; sourceTree = "<group>"; };
		8E2352B21ACE102C0009552D /* HNDataManager.h */ = {isa = PBXFileReference; fileEncoding = 4; lastKnownFileType = sourcecode.c.h; path = HNDataManager.h; sourceTree = "<group>"; };
		8E2352B31ACE102C0009552D /* HNDataManager.m */ = {isa = PBXFileReference; fileEncoding = 4; lastKnownFileType = sourcecode.c.objc; path = HNDataManager.m; sourceTree = "<group>"; };
		8E395ED61AD0732F00EE0DB9 /* HNBrowserViewController.h */ = {isa = PBXFileReference; fileEncoding = 4; lastKnownFileType = sourcecode.c.h; path = HNBrowserViewController.h; sourceTree = "<group>"; };
		8E395ED71AD0732F00EE0DB9 /* HNBrowserViewController.m */ = {isa = PBXFileReference; fileEncoding = 4; lastKnownFileType = sourcecode.c.objc; path = HNBrowserViewController.m; sourceTree = "<group>"; };
		8E395EDB1AD073F700EE0DB9 /* HNBrowserViewModel.h */ = {isa = PBXFileReference; fileEncoding = 4; lastKnownFileType = sourcecode.c.h; path = HNBrowserViewModel.h; sourceTree = "<group>"; };
		8E395EDC1AD073F700EE0DB9 /* HNBrowserViewModel.m */ = {isa = PBXFileReference; fileEncoding = 4; lastKnownFileType = sourcecode.c.objc; path = HNBrowserViewModel.m; sourceTree = "<group>"; };
		8E395EE01AD1978A00EE0DB9 /* HNCommentsViewController.h */ = {isa = PBXFileReference; fileEncoding = 4; lastKnownFileType = sourcecode.c.h; path = HNCommentsViewController.h; sourceTree = "<group>"; };
		8E395EE11AD1978A00EE0DB9 /* HNCommentsViewController.m */ = {isa = PBXFileReference; fileEncoding = 4; lastKnownFileType = sourcecode.c.objc; path = HNCommentsViewController.m; sourceTree = "<group>"; };
		8E395EE51AD1A75300EE0DB9 /* HNCommentsViewModel.h */ = {isa = PBXFileReference; fileEncoding = 4; lastKnownFileType = sourcecode.c.h; path = HNCommentsViewModel.h; sourceTree = "<group>"; };
		8E395EE61AD1A75300EE0DB9 /* HNCommentsViewModel.m */ = {isa = PBXFileReference; fileEncoding = 4; lastKnownFileType = sourcecode.c.objc; path = HNCommentsViewModel.m; sourceTree = "<group>"; };
		8E395EEC1AD3386A00EE0DB9 /* HNCommentsCell.h */ = {isa = PBXFileReference; fileEncoding = 4; lastKnownFileType = sourcecode.c.h; path = HNCommentsCell.h; sourceTree = "<group>"; };
		8E395EED1AD3386A00EE0DB9 /* HNCommentsCell.m */ = {isa = PBXFileReference; fileEncoding = 4; lastKnownFileType = sourcecode.c.objc; path = HNCommentsCell.m; sourceTree = "<group>"; };
		8E395EEF1AD33AD200EE0DB9 /* HNCommentsCellViewModel.h */ = {isa = PBXFileReference; fileEncoding = 4; lastKnownFileType = sourcecode.c.h; path = HNCommentsCellViewModel.h; sourceTree = "<group>"; };
		8E395EF01AD33AD200EE0DB9 /* HNCommentsCellViewModel.m */ = {isa = PBXFileReference; fileEncoding = 4; lastKnownFileType = sourcecode.c.objc; path = HNCommentsCellViewModel.m; sourceTree = "<group>"; };
		8E395F281AD46BE500EE0DB9 /* HNPostModel.xcdatamodel */ = {isa = PBXFileReference; lastKnownFileType = wrapper.xcdatamodel; path = HNPostModel.xcdatamodel; sourceTree = "<group>"; };
		8E395F2A1AD475B000EE0DB9 /* HNCoreDataStack.h */ = {isa = PBXFileReference; fileEncoding = 4; lastKnownFileType = sourcecode.c.h; path = HNCoreDataStack.h; sourceTree = "<group>"; };
		8E395F2B1AD475B000EE0DB9 /* HNCoreDataStack.m */ = {isa = PBXFileReference; fileEncoding = 4; lastKnownFileType = sourcecode.c.objc; path = HNCoreDataStack.m; sourceTree = "<group>"; };
		8E52515D1AD5FA3300EE080D /* HNStory.h */ = {isa = PBXFileReference; fileEncoding = 4; lastKnownFileType = sourcecode.c.h; path = HNStory.h; sourceTree = "<group>"; };
		8E52515E1AD5FA3300EE080D /* HNStory.m */ = {isa = PBXFileReference; fileEncoding = 4; lastKnownFileType = sourcecode.c.objc; path = HNStory.m; sourceTree = "<group>"; };
		8E87C4371AE31FFD00CD004E /* HNTableView.h */ = {isa = PBXFileReference; fileEncoding = 4; lastKnownFileType = sourcecode.c.h; path = HNTableView.h; sourceTree = "<group>"; };
		8E87C4381AE31FFD00CD004E /* HNTableView.m */ = {isa = PBXFileReference; fileEncoding = 4; lastKnownFileType = sourcecode.c.objc; path = HNTableView.m; sourceTree = "<group>"; };
		8E87C4391AE31FFD00CD004E /* HNThinLineButton.h */ = {isa = PBXFileReference; fileEncoding = 4; lastKnownFileType = sourcecode.c.h; path = HNThinLineButton.h; sourceTree = "<group>"; };
		8E87C43A1AE31FFD00CD004E /* HNThinLineButton.m */ = {isa = PBXFileReference; fileEncoding = 4; lastKnownFileType = sourcecode.c.objc; path = HNThinLineButton.m; sourceTree = "<group>"; };
		8E87C43D1AE3421100CD004E /* HNUtilities.h */ = {isa = PBXFileReference; fileEncoding = 4; lastKnownFileType = sourcecode.c.h; path = HNUtilities.h; sourceTree = "<group>"; };
		8E87C43E1AE3421100CD004E /* HNUtilities.m */ = {isa = PBXFileReference; fileEncoding = 4; lastKnownFileType = sourcecode.c.objc; path = HNUtilities.m; sourceTree = "<group>"; };
		8E87C4401AE3424800CD004E /* NSString+RemoveTag.h */ = {isa = PBXFileReference; fileEncoding = 4; lastKnownFileType = sourcecode.c.h; path = "NSString+RemoveTag.h"; sourceTree = "<group>"; };
		8E87C4411AE3424800CD004E /* NSString+RemoveTag.m */ = {isa = PBXFileReference; fileEncoding = 4; lastKnownFileType = sourcecode.c.objc; path = "NSString+RemoveTag.m"; sourceTree = "<group>"; };
		8EA8736B1AD85A3C009C01F8 /* HNItem.h */ = {isa = PBXFileReference; fileEncoding = 4; lastKnownFileType = sourcecode.c.h; path = HNItem.h; sourceTree = "<group>"; };
		8EA8736C1AD85A3C009C01F8 /* HNItem.m */ = {isa = PBXFileReference; fileEncoding = 4; lastKnownFileType = sourcecode.c.objc; path = HNItem.m; sourceTree = "<group>"; };
		8ED435001AE999FB00A99D9F /* HNComment.h */ = {isa = PBXFileReference; fileEncoding = 4; lastKnownFileType = sourcecode.c.h; path = HNComment.h; sourceTree = "<group>"; };
		8ED435011AE999FB00A99D9F /* HNComment.m */ = {isa = PBXFileReference; fileEncoding = 4; lastKnownFileType = sourcecode.c.objc; path = HNComment.m; sourceTree = "<group>"; };
		8ED804A91AE6B26C00BE4AB0 /* ProximaNova-Black.otf */ = {isa = PBXFileReference; lastKnownFileType = file; path = "ProximaNova-Black.otf"; sourceTree = "<group>"; };
		8ED804AA1AE6B26C00BE4AB0 /* ProximaNova-Bold.otf */ = {isa = PBXFileReference; lastKnownFileType = file; path = "ProximaNova-Bold.otf"; sourceTree = "<group>"; };
		8ED804AB1AE6B26C00BE4AB0 /* ProximaNova-BoldIt.otf */ = {isa = PBXFileReference; lastKnownFileType = file; path = "ProximaNova-BoldIt.otf"; sourceTree = "<group>"; };
		8ED804AC1AE6B26C00BE4AB0 /* ProximaNova-Extrabold.otf */ = {isa = PBXFileReference; lastKnownFileType = file; path = "ProximaNova-Extrabold.otf"; sourceTree = "<group>"; };
		8ED804AD1AE6B26C00BE4AB0 /* ProximaNova-Light.otf */ = {isa = PBXFileReference; lastKnownFileType = file; path = "ProximaNova-Light.otf"; sourceTree = "<group>"; };
		8ED804AE1AE6B26C00BE4AB0 /* ProximaNova-LightItalic.otf */ = {isa = PBXFileReference; lastKnownFileType = file; path = "ProximaNova-LightItalic.otf"; sourceTree = "<group>"; };
		8ED804AF1AE6B26C00BE4AB0 /* ProximaNova-RegItalic.otf */ = {isa = PBXFileReference; lastKnownFileType = file; path = "ProximaNova-RegItalic.otf"; sourceTree = "<group>"; };
		8ED804B01AE6B26C00BE4AB0 /* ProximaNova-Regular.otf */ = {isa = PBXFileReference; lastKnownFileType = file; path = "ProximaNova-Regular.otf"; sourceTree = "<group>"; };
		8ED804B11AE6B26C00BE4AB0 /* ProximaNova-RegularItalic.otf */ = {isa = PBXFileReference; lastKnownFileType = file; path = "ProximaNova-RegularItalic.otf"; sourceTree = "<group>"; };
		8ED804B21AE6B26C00BE4AB0 /* ProximaNova-Semibold.otf */ = {isa = PBXFileReference; lastKnownFileType = file; path = "ProximaNova-Semibold.otf"; sourceTree = "<group>"; };
		8ED804B31AE6B26C00BE4AB0 /* ProximaNova-SemiboldItalic.otf */ = {isa = PBXFileReference; lastKnownFileType = file; path = "ProximaNova-SemiboldItalic.otf"; sourceTree = "<group>"; };
		8ED804B41AE6B26C00BE4AB0 /* ProximaNovaCond-Light.otf */ = {isa = PBXFileReference; lastKnownFileType = file; path = "ProximaNovaCond-Light.otf"; sourceTree = "<group>"; };
		8ED804B51AE6B26C00BE4AB0 /* ProximaNovaCond-LightIt.otf */ = {isa = PBXFileReference; lastKnownFileType = file; path = "ProximaNovaCond-LightIt.otf"; sourceTree = "<group>"; };
		8ED804B61AE6B26C00BE4AB0 /* ProximaNovaCond-Regular.otf */ = {isa = PBXFileReference; lastKnownFileType = file; path = "ProximaNovaCond-Regular.otf"; sourceTree = "<group>"; };
		8ED804B71AE6B26C00BE4AB0 /* ProximaNovaCond-RegularIt.otf */ = {isa = PBXFileReference; lastKnownFileType = file; path = "ProximaNovaCond-RegularIt.otf"; sourceTree = "<group>"; };
		8ED804B81AE6B26C00BE4AB0 /* ProximaNovaCond-Semibold.otf */ = {isa = PBXFileReference; lastKnownFileType = file; path = "ProximaNovaCond-Semibold.otf"; sourceTree = "<group>"; };
		8ED804B91AE6B26C00BE4AB0 /* ProximaNovaCond-SemiboldIt.otf */ = {isa = PBXFileReference; lastKnownFileType = file; path = "ProximaNovaCond-SemiboldIt.otf"; sourceTree = "<group>"; };
		8ED804CE1AE6D35100BE4AB0 /* UIFont+HNFont.h */ = {isa = PBXFileReference; fileEncoding = 4; lastKnownFileType = sourcecode.c.h; path = "UIFont+HNFont.h"; sourceTree = "<group>"; };
		8ED804CF1AE6D35100BE4AB0 /* UIFont+HNFont.m */ = {isa = PBXFileReference; fileEncoding = 4; lastKnownFileType = sourcecode.c.objc; path = "UIFont+HNFont.m"; sourceTree = "<group>"; };
		8ED804D11AE754AB00BE4AB0 /* HNCommentTableViewHeader.h */ = {isa = PBXFileReference; fileEncoding = 4; lastKnownFileType = sourcecode.c.h; path = HNCommentTableViewHeader.h; sourceTree = "<group>"; };
		8ED804D21AE754AB00BE4AB0 /* HNCommentTableViewHeader.m */ = {isa = PBXFileReference; fileEncoding = 4; lastKnownFileType = sourcecode.c.objc; path = HNCommentTableViewHeader.m; sourceTree = "<group>"; };
		E6E214A4479710CF3CF8F84E /* Pods-HackerNews.debug.xcconfig */ = {isa = PBXFileReference; includeInIndex = 1; lastKnownFileType = text.xcconfig; name = "Pods-HackerNews.debug.xcconfig"; path = "Pods/Target Support Files/Pods-HackerNews/Pods-HackerNews.debug.xcconfig"; sourceTree = "<group>"; };
/* End PBXFileReference section */

/* Begin PBXFrameworksBuildPhase section */
		8E2352371ACC571F0009552D /* Frameworks */ = {
			isa = PBXFrameworksBuildPhase;
			buildActionMask = 2147483647;
			files = (
				232EA86ED3B142439FDB2337 /* libPods-HackerNews.a in Frameworks */,
			);
			runOnlyForDeploymentPostprocessing = 0;
		};
		8E2352501ACC571F0009552D /* Frameworks */ = {
			isa = PBXFrameworksBuildPhase;
			buildActionMask = 2147483647;
			files = (
			);
			runOnlyForDeploymentPostprocessing = 0;
		};
/* End PBXFrameworksBuildPhase section */

/* Begin PBXGroup section */
		042CD3CAE13D0A3168B52ED6 /* Pods */ = {
			isa = PBXGroup;
			children = (
				E6E214A4479710CF3CF8F84E /* Pods-HackerNews.debug.xcconfig */,
				49EEA4C5D50304781D65B10B /* Pods-HackerNews.release.xcconfig */,
			);
			name = Pods;
			sourceTree = "<group>";
		};
		634957A251B950A0FA838B47 /* Frameworks */ = {
			isa = PBXGroup;
			children = (
				2B63D98C41D195B8CB7E9733 /* libPods-HackerNews.a */,
			);
			name = Frameworks;
			sourceTree = "<group>";
		};
		8E2352311ACC571F0009552D = {
			isa = PBXGroup;
			children = (
				8E23523C1ACC571F0009552D /* HackerNews */,
				8E2352561ACC571F0009552D /* HackerNewsTests */,
				8E23523B1ACC571F0009552D /* Products */,
				042CD3CAE13D0A3168B52ED6 /* Pods */,
				634957A251B950A0FA838B47 /* Frameworks */,
			);
			sourceTree = "<group>";
		};
		8E23523B1ACC571F0009552D /* Products */ = {
			isa = PBXGroup;
			children = (
				8E23523A1ACC571F0009552D /* HackerNews.app */,
				8E2352531ACC571F0009552D /* HackerNewsTests.xctest */,
			);
			name = Products;
			sourceTree = "<group>";
		};
		8E23523C1ACC571F0009552D /* HackerNews */ = {
			isa = PBXGroup;
			children = (
				8ED804A71AE6B22E00BE4AB0 /* Assets */,
				8E2352411ACC571F0009552D /* AppDelegate.h */,
				8E2352421ACC571F0009552D /* AppDelegate.m */,
				8E87C46F1AE466CC00CD004E /* Shared */,
				8E87C46E1AE466BE00CD004E /* Utilities */,
				8E2352AE1ACDC2380009552D /* Networking */,
				8E2352681ACC5C480009552D /* Model */,
				8E395EDF1AD1976800EE0DB9 /* Comments */,
				8E395ED51AD0731100EE0DB9 /* Browser */,
				8E2352691ACC5C560009552D /* Feed */,
				8E395EDE1AD0742200EE0DB9 /* Categories */,
				8E2352471ACC571F0009552D /* Main.storyboard */,
				8E23524A1ACC571F0009552D /* Images.xcassets */,
				8E23524C1ACC571F0009552D /* LaunchScreen.xib */,
				8E23523D1ACC571F0009552D /* Supporting Files */,
			);
			path = HackerNews;
			sourceTree = "<group>";
		};
		8E23523D1ACC571F0009552D /* Supporting Files */ = {
			isa = PBXGroup;
			children = (
				8E23523E1ACC571F0009552D /* Info.plist */,
				8E23523F1ACC571F0009552D /* main.m */,
			);
			name = "Supporting Files";
			sourceTree = "<group>";
		};
		8E2352561ACC571F0009552D /* HackerNewsTests */ = {
			isa = PBXGroup;
			children = (
				8E2352591ACC571F0009552D /* HackerNewsTests.m */,
				8E2352571ACC571F0009552D /* Supporting Files */,
			);
			path = HackerNewsTests;
			sourceTree = "<group>";
		};
		8E2352571ACC571F0009552D /* Supporting Files */ = {
			isa = PBXGroup;
			children = (
				8E2352581ACC571F0009552D /* Info.plist */,
			);
			name = "Supporting Files";
			sourceTree = "<group>";
		};
		8E2352661ACC5C290009552D /* View */ = {
			isa = PBXGroup;
			children = (
				8E395ED61AD0732F00EE0DB9 /* HNBrowserViewController.h */,
				8E395ED71AD0732F00EE0DB9 /* HNBrowserViewController.m */,
			);
			name = View;
			sourceTree = "<group>";
		};
		8E2352671ACC5C370009552D /* View Model */ = {
			isa = PBXGroup;
			children = (
				8E395EDB1AD073F700EE0DB9 /* HNBrowserViewModel.h */,
				8E395EDC1AD073F700EE0DB9 /* HNBrowserViewModel.m */,
			);
			name = "View Model";
			sourceTree = "<group>";
		};
		8E2352681ACC5C480009552D /* Model */ = {
			isa = PBXGroup;
			children = (
				8E5251531AD5D26E00EE080D /* Managed Objects */,
				8E2352B21ACE102C0009552D /* HNDataManager.h */,
				8E2352B31ACE102C0009552D /* HNDataManager.m */,
				8E395F271AD46BE500EE0DB9 /* HNPostModel.xcdatamodeld */,
				8E395F2A1AD475B000EE0DB9 /* HNCoreDataStack.h */,
				8E395F2B1AD475B000EE0DB9 /* HNCoreDataStack.m */,
			);
			name = Model;
			sourceTree = "<group>";
		};
		8E2352691ACC5C560009552D /* Feed */ = {
			isa = PBXGroup;
			children = (
				8E395ED91AD073AB00EE0DB9 /* View */,
				8E395EDA1AD073BC00EE0DB9 /* View Model */,
			);
			name = Feed;
			sourceTree = "<group>";
		};
		8E2352AE1ACDC2380009552D /* Networking */ = {
			isa = PBXGroup;
			children = (
				8E2352AF1ACDC34F0009552D /* HNNetworkService.h */,
				8E2352B01ACDC34F0009552D /* HNNetworkService.m */,
			);
			name = Networking;
			sourceTree = "<group>";
		};
		8E395ED51AD0731100EE0DB9 /* Browser */ = {
			isa = PBXGroup;
			children = (
				8E2352661ACC5C290009552D /* View */,
				8E2352671ACC5C370009552D /* View Model */,
			);
			name = Browser;
			sourceTree = "<group>";
		};
		8E395ED91AD073AB00EE0DB9 /* View */ = {
			isa = PBXGroup;
			children = (
				8E2352441ACC571F0009552D /* HNFeedViewController.h */,
				8E2352451ACC571F0009552D /* HNFeedViewController.m */,
				8E23526D1ACC69200009552D /* HNFeedCell.h */,
				8E23526E1ACC69200009552D /* HNFeedCell.m */,
			);
			name = View;
			sourceTree = "<group>";
		};
		8E395EDA1AD073BC00EE0DB9 /* View Model */ = {
			isa = PBXGroup;
			children = (
				8E23526A1ACC651F0009552D /* HNFeedViewModel.h */,
				8E23526B1ACC651F0009552D /* HNFeedViewModel.m */,
				8E2352AB1ACD1C3C0009552D /* HNFeedCellViewModel.h */,
				8E2352AC1ACD1C3C0009552D /* HNFeedCellViewModel.m */,
			);
			name = "View Model";
			sourceTree = "<group>";
		};
		8E395EDE1AD0742200EE0DB9 /* Categories */ = {
			isa = PBXGroup;
			children = (
				8E2352731ACC73BE0009552D /* UIColor+HNColorPalette.h */,
				8E2352741ACC73BE0009552D /* UIColor+HNColorPalette.m */,
			);
			name = Categories;
			sourceTree = "<group>";
		};
		8E395EDF1AD1976800EE0DB9 /* Comments */ = {
			isa = PBXGroup;
			children = (
				8E395EE41AD1A74000EE0DB9 /* View Model */,
				8E395EE31AD1A73300EE0DB9 /* View */,
			);
			name = Comments;
			sourceTree = "<group>";
		};
		8E395EE31AD1A73300EE0DB9 /* View */ = {
			isa = PBXGroup;
			children = (
				8E395EE01AD1978A00EE0DB9 /* HNCommentsViewController.h */,
				8E395EE11AD1978A00EE0DB9 /* HNCommentsViewController.m */,
				8E395EEC1AD3386A00EE0DB9 /* HNCommentsCell.h */,
				8E395EED1AD3386A00EE0DB9 /* HNCommentsCell.m */,
				8ED804D11AE754AB00BE4AB0 /* HNCommentTableViewHeader.h */,
				8ED804D21AE754AB00BE4AB0 /* HNCommentTableViewHeader.m */,
			);
			name = View;
			sourceTree = "<group>";
		};
		8E395EE41AD1A74000EE0DB9 /* View Model */ = {
			isa = PBXGroup;
			children = (
				8E395EE51AD1A75300EE0DB9 /* HNCommentsViewModel.h */,
				8E395EE61AD1A75300EE0DB9 /* HNCommentsViewModel.m */,
				8E395EEF1AD33AD200EE0DB9 /* HNCommentsCellViewModel.h */,
				8E395EF01AD33AD200EE0DB9 /* HNCommentsCellViewModel.m */,
			);
			name = "View Model";
			sourceTree = "<group>";
		};
		8E5251531AD5D26E00EE080D /* Managed Objects */ = {
			isa = PBXGroup;
			children = (
				8ED435001AE999FB00A99D9F /* HNComment.h */,
				8ED435011AE999FB00A99D9F /* HNComment.m */,
				8EA8736B1AD85A3C009C01F8 /* HNItem.h */,
				8EA8736C1AD85A3C009C01F8 /* HNItem.m */,
				8E52515D1AD5FA3300EE080D /* HNStory.h */,
				8E52515E1AD5FA3300EE080D /* HNStory.m */,
			);
			name = "Managed Objects";
			sourceTree = "<group>";
		};
		8E87C46E1AE466BE00CD004E /* Utilities */ = {
			isa = PBXGroup;
			children = (
				8E87C4401AE3424800CD004E /* NSString+RemoveTag.h */,
				8E87C4411AE3424800CD004E /* NSString+RemoveTag.m */,
				8E87C43D1AE3421100CD004E /* HNUtilities.h */,
				8E87C43E1AE3421100CD004E /* HNUtilities.m */,
				8ED804CE1AE6D35100BE4AB0 /* UIFont+HNFont.h */,
				8ED804CF1AE6D35100BE4AB0 /* UIFont+HNFont.m */,
			);
			name = Utilities;
			sourceTree = "<group>";
		};
		8E87C46F1AE466CC00CD004E /* Shared */ = {
			isa = PBXGroup;
			children = (
				8E87C4371AE31FFD00CD004E /* HNTableView.h */,
				8E87C4381AE31FFD00CD004E /* HNTableView.m */,
				8E87C4391AE31FFD00CD004E /* HNThinLineButton.h */,
				8E87C43A1AE31FFD00CD004E /* HNThinLineButton.m */,
			);
			name = Shared;
			sourceTree = "<group>";
		};
		8ED804A71AE6B22E00BE4AB0 /* Assets */ = {
			isa = PBXGroup;
			children = (
				8ED804A81AE6B26C00BE4AB0 /* Proxima Nova */,
			);
			name = Assets;
			sourceTree = "<group>";
		};
		8ED804A81AE6B26C00BE4AB0 /* Proxima Nova */ = {
			isa = PBXGroup;
			children = (
				8ED804A91AE6B26C00BE4AB0 /* ProximaNova-Black.otf */,
				8ED804AA1AE6B26C00BE4AB0 /* ProximaNova-Bold.otf */,
				8ED804AB1AE6B26C00BE4AB0 /* ProximaNova-BoldIt.otf */,
				8ED804AC1AE6B26C00BE4AB0 /* ProximaNova-Extrabold.otf */,
				8ED804AD1AE6B26C00BE4AB0 /* ProximaNova-Light.otf */,
				8ED804AE1AE6B26C00BE4AB0 /* ProximaNova-LightItalic.otf */,
				8ED804AF1AE6B26C00BE4AB0 /* ProximaNova-RegItalic.otf */,
				8ED804B01AE6B26C00BE4AB0 /* ProximaNova-Regular.otf */,
				8ED804B11AE6B26C00BE4AB0 /* ProximaNova-RegularItalic.otf */,
				8ED804B21AE6B26C00BE4AB0 /* ProximaNova-Semibold.otf */,
				8ED804B31AE6B26C00BE4AB0 /* ProximaNova-SemiboldItalic.otf */,
				8ED804B41AE6B26C00BE4AB0 /* ProximaNovaCond-Light.otf */,
				8ED804B51AE6B26C00BE4AB0 /* ProximaNovaCond-LightIt.otf */,
				8ED804B61AE6B26C00BE4AB0 /* ProximaNovaCond-Regular.otf */,
				8ED804B71AE6B26C00BE4AB0 /* ProximaNovaCond-RegularIt.otf */,
				8ED804B81AE6B26C00BE4AB0 /* ProximaNovaCond-Semibold.otf */,
				8ED804B91AE6B26C00BE4AB0 /* ProximaNovaCond-SemiboldIt.otf */,
			);
			path = "Proxima Nova";
			sourceTree = "<group>";
		};
/* End PBXGroup section */

/* Begin PBXNativeTarget section */
		8E2352391ACC571F0009552D /* HackerNews */ = {
			isa = PBXNativeTarget;
			buildConfigurationList = 8E23525D1ACC571F0009552D /* Build configuration list for PBXNativeTarget "HackerNews" */;
			buildPhases = (
				E4A53ACA6F188E28D1842467 /* Check Pods Manifest.lock */,
				8E2352361ACC571F0009552D /* Sources */,
				8E2352371ACC571F0009552D /* Frameworks */,
				8E2352381ACC571F0009552D /* Resources */,
				3AB1753236B14E7F452B4CCE /* Copy Pods Resources */,
			);
			buildRules = (
			);
			dependencies = (
			);
			name = HackerNews;
			productName = HackerNews;
			productReference = 8E23523A1ACC571F0009552D /* HackerNews.app */;
			productType = "com.apple.product-type.application";
		};
		8E2352521ACC571F0009552D /* HackerNewsTests */ = {
			isa = PBXNativeTarget;
			buildConfigurationList = 8E2352601ACC571F0009552D /* Build configuration list for PBXNativeTarget "HackerNewsTests" */;
			buildPhases = (
				8E23524F1ACC571F0009552D /* Sources */,
				8E2352501ACC571F0009552D /* Frameworks */,
				8E2352511ACC571F0009552D /* Resources */,
			);
			buildRules = (
			);
			dependencies = (
				8E2352551ACC571F0009552D /* PBXTargetDependency */,
			);
			name = HackerNewsTests;
			productName = HackerNewsTests;
			productReference = 8E2352531ACC571F0009552D /* HackerNewsTests.xctest */;
			productType = "com.apple.product-type.bundle.unit-test";
		};
/* End PBXNativeTarget section */

/* Begin PBXProject section */
		8E2352321ACC571F0009552D /* Project object */ = {
			isa = PBXProject;
			attributes = {
				LastUpgradeCheck = 0630;
				ORGANIZATIONNAME = "Daniel Rakhamimov";
				TargetAttributes = {
					8E2352391ACC571F0009552D = {
						CreatedOnToolsVersion = 6.3;
						DevelopmentTeam = EG5CG224Q3;
					};
					8E2352521ACC571F0009552D = {
						CreatedOnToolsVersion = 6.3;
						TestTargetID = 8E2352391ACC571F0009552D;
					};
				};
			};
			buildConfigurationList = 8E2352351ACC571F0009552D /* Build configuration list for PBXProject "HackerNews" */;
			compatibilityVersion = "Xcode 3.2";
			developmentRegion = English;
			hasScannedForEncodings = 0;
			knownRegions = (
				en,
				Base,
			);
			mainGroup = 8E2352311ACC571F0009552D;
			productRefGroup = 8E23523B1ACC571F0009552D /* Products */;
			projectDirPath = "";
			projectRoot = "";
			targets = (
				8E2352391ACC571F0009552D /* HackerNews */,
				8E2352521ACC571F0009552D /* HackerNewsTests */,
			);
		};
/* End PBXProject section */

/* Begin PBXResourcesBuildPhase section */
		8E2352381ACC571F0009552D /* Resources */ = {
			isa = PBXResourcesBuildPhase;
			buildActionMask = 2147483647;
			files = (
				8E2352491ACC571F0009552D /* Main.storyboard in Resources */,
				8E23524E1ACC571F0009552D /* LaunchScreen.xib in Resources */,
				8ED804C71AE6B26C00BE4AB0 /* ProximaNovaCond-Regular.otf in Resources */,
				8ED804C51AE6B26C00BE4AB0 /* ProximaNovaCond-Light.otf in Resources */,
				8ED804BF1AE6B26C00BE4AB0 /* ProximaNova-LightItalic.otf in Resources */,
				8ED804BC1AE6B26C00BE4AB0 /* ProximaNova-BoldIt.otf in Resources */,
				8ED804CA1AE6B26C00BE4AB0 /* ProximaNovaCond-SemiboldIt.otf in Resources */,
				8ED804C81AE6B26C00BE4AB0 /* ProximaNovaCond-RegularIt.otf in Resources */,
				8ED804C31AE6B26C00BE4AB0 /* ProximaNova-Semibold.otf in Resources */,
				8ED804BA1AE6B26C00BE4AB0 /* ProximaNova-Black.otf in Resources */,
				8ED804BD1AE6B26C00BE4AB0 /* ProximaNova-Extrabold.otf in Resources */,
				8ED804C41AE6B26C00BE4AB0 /* ProximaNova-SemiboldItalic.otf in Resources */,
				8ED804C91AE6B26C00BE4AB0 /* ProximaNovaCond-Semibold.otf in Resources */,
				8ED804C11AE6B26C00BE4AB0 /* ProximaNova-Regular.otf in Resources */,
				8ED804BE1AE6B26C00BE4AB0 /* ProximaNova-Light.otf in Resources */,
				8ED804C01AE6B26C00BE4AB0 /* ProximaNova-RegItalic.otf in Resources */,
				8ED804C61AE6B26C00BE4AB0 /* ProximaNovaCond-LightIt.otf in Resources */,
				8ED804C21AE6B26C00BE4AB0 /* ProximaNova-RegularItalic.otf in Resources */,
				8E23524B1ACC571F0009552D /* Images.xcassets in Resources */,
				8ED804BB1AE6B26C00BE4AB0 /* ProximaNova-Bold.otf in Resources */,
			);
			runOnlyForDeploymentPostprocessing = 0;
		};
		8E2352511ACC571F0009552D /* Resources */ = {
			isa = PBXResourcesBuildPhase;
			buildActionMask = 2147483647;
			files = (
			);
			runOnlyForDeploymentPostprocessing = 0;
		};
/* End PBXResourcesBuildPhase section */

/* Begin PBXShellScriptBuildPhase section */
		3AB1753236B14E7F452B4CCE /* Copy Pods Resources */ = {
			isa = PBXShellScriptBuildPhase;
			buildActionMask = 2147483647;
			files = (
			);
			inputPaths = (
			);
			name = "Copy Pods Resources";
			outputPaths = (
			);
			runOnlyForDeploymentPostprocessing = 0;
			shellPath = /bin/sh;
			shellScript = "\"${SRCROOT}/Pods/Target Support Files/Pods-HackerNews/Pods-HackerNews-resources.sh\"\n";
			showEnvVarsInLog = 0;
		};
		E4A53ACA6F188E28D1842467 /* Check Pods Manifest.lock */ = {
			isa = PBXShellScriptBuildPhase;
			buildActionMask = 2147483647;
			files = (
			);
			inputPaths = (
			);
			name = "Check Pods Manifest.lock";
			outputPaths = (
			);
			runOnlyForDeploymentPostprocessing = 0;
			shellPath = /bin/sh;
			shellScript = "diff \"${PODS_ROOT}/../Podfile.lock\" \"${PODS_ROOT}/Manifest.lock\" > /dev/null\nif [[ $? != 0 ]] ; then\n    cat << EOM\nerror: The sandbox is not in sync with the Podfile.lock. Run 'pod install' or update your CocoaPods installation.\nEOM\n    exit 1\nfi\n";
			showEnvVarsInLog = 0;
		};
/* End PBXShellScriptBuildPhase section */

/* Begin PBXSourcesBuildPhase section */
		8E2352361ACC571F0009552D /* Sources */ = {
			isa = PBXSourcesBuildPhase;
			buildActionMask = 2147483647;
			files = (
				8E2352461ACC571F0009552D /* HNFeedViewController.m in Sources */,
				8E23526C1ACC651F0009552D /* HNFeedViewModel.m in Sources */,
				8E2352AD1ACD1C3C0009552D /* HNFeedCellViewModel.m in Sources */,
				8E2352431ACC571F0009552D /* AppDelegate.m in Sources */,
				8E2352B41ACE102C0009552D /* HNDataManager.m in Sources */,
				8E395EF11AD33AD200EE0DB9 /* HNCommentsCellViewModel.m in Sources */,
				8E395EE71AD1A75300EE0DB9 /* HNCommentsViewModel.m in Sources */,
				8E2352401ACC571F0009552D /* main.m in Sources */,
				8EA8736D1AD85A3C009C01F8 /* HNItem.m in Sources */,
				8ED804D31AE754AB00BE4AB0 /* HNCommentTableViewHeader.m in Sources */,
				8E395EEE1AD3386A00EE0DB9 /* HNCommentsCell.m in Sources */,
				8E2352B11ACDC34F0009552D /* HNNetworkService.m in Sources */,
				8E87C4421AE3424800CD004E /* NSString+RemoveTag.m in Sources */,
				8ED435021AE999FB00A99D9F /* HNComment.m in Sources */,
				8E87C43B1AE31FFD00CD004E /* HNTableView.m in Sources */,
				8E395EE21AD1978A00EE0DB9 /* HNCommentsViewController.m in Sources */,
				8E87C43C1AE31FFD00CD004E /* HNThinLineButton.m in Sources */,
				8E23526F1ACC69200009552D /* HNFeedCell.m in Sources */,
				8E395EDD1AD073F700EE0DB9 /* HNBrowserViewModel.m in Sources */,
				8E395ED81AD0732F00EE0DB9 /* HNBrowserViewController.m in Sources */,
				8E395F291AD46BE500EE0DB9 /* HNPostModel.xcdatamodeld in Sources */,
				8E2352751ACC73BE0009552D /* UIColor+HNColorPalette.m in Sources */,
				8E395F2C1AD475B000EE0DB9 /* HNCoreDataStack.m in Sources */,
				8ED804D01AE6D35100BE4AB0 /* UIFont+HNFont.m in Sources */,
				8E87C43F1AE3421100CD004E /* HNUtilities.m in Sources */,
				8E52515F1AD5FA3300EE080D /* HNStory.m in Sources */,
			);
			runOnlyForDeploymentPostprocessing = 0;
		};
		8E23524F1ACC571F0009552D /* Sources */ = {
			isa = PBXSourcesBuildPhase;
			buildActionMask = 2147483647;
			files = (
				8E23525A1ACC571F0009552D /* HackerNewsTests.m in Sources */,
			);
			runOnlyForDeploymentPostprocessing = 0;
		};
/* End PBXSourcesBuildPhase section */

/* Begin PBXTargetDependency section */
		8E2352551ACC571F0009552D /* PBXTargetDependency */ = {
			isa = PBXTargetDependency;
			target = 8E2352391ACC571F0009552D /* HackerNews */;
			targetProxy = 8E2352541ACC571F0009552D /* PBXContainerItemProxy */;
		};
/* End PBXTargetDependency section */

/* Begin PBXVariantGroup section */
		8E2352471ACC571F0009552D /* Main.storyboard */ = {
			isa = PBXVariantGroup;
			children = (
				8E2352481ACC571F0009552D /* Base */,
			);
			name = Main.storyboard;
			sourceTree = "<group>";
		};
		8E23524C1ACC571F0009552D /* LaunchScreen.xib */ = {
			isa = PBXVariantGroup;
			children = (
				8E23524D1ACC571F0009552D /* Base */,
			);
			name = LaunchScreen.xib;
			sourceTree = "<group>";
		};
/* End PBXVariantGroup section */

/* Begin XCBuildConfiguration section */
		8E23525B1ACC571F0009552D /* Debug */ = {
			isa = XCBuildConfiguration;
			buildSettings = {
				ALWAYS_SEARCH_USER_PATHS = NO;
				CLANG_CXX_LANGUAGE_STANDARD = "gnu++0x";
				CLANG_CXX_LIBRARY = "libc++";
				CLANG_ENABLE_MODULES = YES;
				CLANG_ENABLE_OBJC_ARC = YES;
				CLANG_WARN_BOOL_CONVERSION = YES;
				CLANG_WARN_CONSTANT_CONVERSION = YES;
				CLANG_WARN_DIRECT_OBJC_ISA_USAGE = YES_ERROR;
				CLANG_WARN_EMPTY_BODY = YES;
				CLANG_WARN_ENUM_CONVERSION = YES;
				CLANG_WARN_INT_CONVERSION = YES;
				CLANG_WARN_OBJC_ROOT_CLASS = YES_ERROR;
				CLANG_WARN_UNREACHABLE_CODE = YES;
				CLANG_WARN__DUPLICATE_METHOD_MATCH = YES;
				"CODE_SIGN_IDENTITY[sdk=iphoneos*]" = "iPhone Developer";
				COPY_PHASE_STRIP = NO;
				DEBUG_INFORMATION_FORMAT = "dwarf-with-dsym";
				ENABLE_STRICT_OBJC_MSGSEND = YES;
				GCC_C_LANGUAGE_STANDARD = gnu99;
				GCC_DYNAMIC_NO_PIC = NO;
				GCC_NO_COMMON_BLOCKS = YES;
				GCC_OPTIMIZATION_LEVEL = 0;
				GCC_PREPROCESSOR_DEFINITIONS = (
					"DEBUG=1",
					"$(inherited)",
				);
				GCC_SYMBOLS_PRIVATE_EXTERN = NO;
				GCC_WARN_64_TO_32_BIT_CONVERSION = YES;
				GCC_WARN_ABOUT_RETURN_TYPE = YES_ERROR;
				GCC_WARN_UNDECLARED_SELECTOR = YES;
				GCC_WARN_UNINITIALIZED_AUTOS = YES_AGGRESSIVE;
				GCC_WARN_UNUSED_FUNCTION = YES;
				GCC_WARN_UNUSED_VARIABLE = YES;
				IPHONEOS_DEPLOYMENT_TARGET = 8.0;
				MTL_ENABLE_DEBUG_INFO = YES;
				ONLY_ACTIVE_ARCH = YES;
				SDKROOT = iphoneos;
			};
			name = Debug;
		};
		8E23525C1ACC571F0009552D /* Release */ = {
			isa = XCBuildConfiguration;
			buildSettings = {
				ALWAYS_SEARCH_USER_PATHS = NO;
				CLANG_CXX_LANGUAGE_STANDARD = "gnu++0x";
				CLANG_CXX_LIBRARY = "libc++";
				CLANG_ENABLE_MODULES = YES;
				CLANG_ENABLE_OBJC_ARC = YES;
				CLANG_WARN_BOOL_CONVERSION = YES;
				CLANG_WARN_CONSTANT_CONVERSION = YES;
				CLANG_WARN_DIRECT_OBJC_ISA_USAGE = YES_ERROR;
				CLANG_WARN_EMPTY_BODY = YES;
				CLANG_WARN_ENUM_CONVERSION = YES;
				CLANG_WARN_INT_CONVERSION = YES;
				CLANG_WARN_OBJC_ROOT_CLASS = YES_ERROR;
				CLANG_WARN_UNREACHABLE_CODE = YES;
				CLANG_WARN__DUPLICATE_METHOD_MATCH = YES;
				"CODE_SIGN_IDENTITY[sdk=iphoneos*]" = "iPhone Developer";
				COPY_PHASE_STRIP = NO;
				DEBUG_INFORMATION_FORMAT = "dwarf-with-dsym";
				ENABLE_NS_ASSERTIONS = NO;
				ENABLE_STRICT_OBJC_MSGSEND = YES;
				GCC_C_LANGUAGE_STANDARD = gnu99;
				GCC_NO_COMMON_BLOCKS = YES;
				GCC_WARN_64_TO_32_BIT_CONVERSION = YES;
				GCC_WARN_ABOUT_RETURN_TYPE = YES_ERROR;
				GCC_WARN_UNDECLARED_SELECTOR = YES;
				GCC_WARN_UNINITIALIZED_AUTOS = YES_AGGRESSIVE;
				GCC_WARN_UNUSED_FUNCTION = YES;
				GCC_WARN_UNUSED_VARIABLE = YES;
				IPHONEOS_DEPLOYMENT_TARGET = 8.0;
				MTL_ENABLE_DEBUG_INFO = NO;
				SDKROOT = iphoneos;
				VALIDATE_PRODUCT = YES;
			};
			name = Release;
		};
		8E23525E1ACC571F0009552D /* Debug */ = {
			isa = XCBuildConfiguration;
			baseConfigurationReference = E6E214A4479710CF3CF8F84E /* Pods-HackerNews.debug.xcconfig */;
			buildSettings = {
				ASSETCATALOG_COMPILER_APPICON_NAME = AppIcon;
				CODE_SIGN_IDENTITY = "iPhone Developer";
				INFOPLIST_FILE = HackerNews/Info.plist;
				IPHONEOS_DEPLOYMENT_TARGET = 8.0;
				LD_RUNPATH_SEARCH_PATHS = "$(inherited) @executable_path/Frameworks";
				PRODUCT_NAME = "$(TARGET_NAME)";
			};
			name = Debug;
		};
		8E23525F1ACC571F0009552D /* Release */ = {
			isa = XCBuildConfiguration;
			baseConfigurationReference = 49EEA4C5D50304781D65B10B /* Pods-HackerNews.release.xcconfig */;
			buildSettings = {
				ASSETCATALOG_COMPILER_APPICON_NAME = AppIcon;
				CODE_SIGN_IDENTITY = "iPhone Developer";
				INFOPLIST_FILE = HackerNews/Info.plist;
				IPHONEOS_DEPLOYMENT_TARGET = 8.0;
				LD_RUNPATH_SEARCH_PATHS = "$(inherited) @executable_path/Frameworks";
				PRODUCT_NAME = "$(TARGET_NAME)";
			};
			name = Release;
		};
		8E2352611ACC571F0009552D /* Debug */ = {
			isa = XCBuildConfiguration;
			buildSettings = {
				BUNDLE_LOADER = "$(TEST_HOST)";
				FRAMEWORK_SEARCH_PATHS = (
					"$(SDKROOT)/Developer/Library/Frameworks",
					"$(inherited)",
				);
				GCC_PREPROCESSOR_DEFINITIONS = (
					"DEBUG=1",
					"$(inherited)",
				);
				INFOPLIST_FILE = HackerNewsTests/Info.plist;
				IPHONEOS_DEPLOYMENT_TARGET = 8.2;
				LD_RUNPATH_SEARCH_PATHS = "$(inherited) @executable_path/Frameworks @loader_path/Frameworks";
				PRODUCT_NAME = "$(TARGET_NAME)";
				TEST_HOST = "$(BUILT_PRODUCTS_DIR)/HackerNews.app/HackerNews";
			};
			name = Debug;
		};
		8E2352621ACC571F0009552D /* Release */ = {
			isa = XCBuildConfiguration;
			buildSettings = {
				BUNDLE_LOADER = "$(TEST_HOST)";
				FRAMEWORK_SEARCH_PATHS = (
					"$(SDKROOT)/Developer/Library/Frameworks",
					"$(inherited)",
				);
				INFOPLIST_FILE = HackerNewsTests/Info.plist;
				IPHONEOS_DEPLOYMENT_TARGET = 8.2;
				LD_RUNPATH_SEARCH_PATHS = "$(inherited) @executable_path/Frameworks @loader_path/Frameworks";
				PRODUCT_NAME = "$(TARGET_NAME)";
				TEST_HOST = "$(BUILT_PRODUCTS_DIR)/HackerNews.app/HackerNews";
			};
			name = Release;
		};
/* End XCBuildConfiguration section */

/* Begin XCConfigurationList section */
		8E2352351ACC571F0009552D /* Build configuration list for PBXProject "HackerNews" */ = {
			isa = XCConfigurationList;
			buildConfigurations = (
				8E23525B1ACC571F0009552D /* Debug */,
				8E23525C1ACC571F0009552D /* Release */,
			);
			defaultConfigurationIsVisible = 0;
			defaultConfigurationName = Release;
		};
		8E23525D1ACC571F0009552D /* Build configuration list for PBXNativeTarget "HackerNews" */ = {
			isa = XCConfigurationList;
			buildConfigurations = (
				8E23525E1ACC571F0009552D /* Debug */,
				8E23525F1ACC571F0009552D /* Release */,
			);
			defaultConfigurationIsVisible = 0;
			defaultConfigurationName = Release;
		};
		8E2352601ACC571F0009552D /* Build configuration list for PBXNativeTarget "HackerNewsTests" */ = {
			isa = XCConfigurationList;
			buildConfigurations = (
				8E2352611ACC571F0009552D /* Debug */,
				8E2352621ACC571F0009552D /* Release */,
			);
			defaultConfigurationIsVisible = 0;
			defaultConfigurationName = Release;
		};
/* End XCConfigurationList section */

/* Begin XCVersionGroup section */
		8E395F271AD46BE500EE0DB9 /* HNPostModel.xcdatamodeld */ = {
			isa = XCVersionGroup;
			children = (
				8E395F281AD46BE500EE0DB9 /* HNPostModel.xcdatamodel */,
			);
			currentVersion = 8E395F281AD46BE500EE0DB9 /* HNPostModel.xcdatamodel */;
			path = HNPostModel.xcdatamodeld;
			sourceTree = "<group>";
			versionGroupType = wrapper.xcdatamodel;
		};
/* End XCVersionGroup section */
	};
	rootObject = 8E2352321ACC571F0009552D /* Project object */;
}
